
Microsoft Visual Studio Solution File, Format Version 12.00
# Visual Studio Version 17
VisualStudioVersion = 17.8.34330.188
MinimumVisualStudioVersion = 10.0.40219.1
Project("{9A19103F-16F7-4668-BE54-9A1E7A4F7556}") = "Homework1Sladic", "Homework1Sladic\Homework1Sladic.csproj", "{CFC508D7-80A1-46D4-ABB8-3879DFDF6721}"
EndProject
Project("{2150E333-8FDC-42A3-9474-1A3956D46DE8}") = "Solution Items", "Solution Items", "{3A9012DE-913F-4564-A529-30D9705E9BAD}"
	ProjectSection(SolutionItems) = preProject
		README.md = README.md
	EndProjectSection
EndProject
Global
	GlobalSection(SolutionConfigurationPlatforms) = preSolution
		Debug|Any CPU = Debug|Any CPU
		Release|Any CPU = Release|Any CPU
	EndGlobalSection
	GlobalSection(ProjectConfigurationPlatforms) = postSolution
		{CFC508D7-80A1-46D4-ABB8-3879DFDF6721}.Debug|Any CPU.ActiveCfg = Debug|Any CPU
		{CFC508D7-80A1-46D4-ABB8-3879DFDF6721}.Debug|Any CPU.Build.0 = Debug|Any CPU
		{CFC508D7-80A1-46D4-ABB8-3879DFDF6721}.Release|Any CPU.ActiveCfg = Release|Any CPU
		{CFC508D7-80A1-46D4-ABB8-3879DFDF6721}.Release|Any CPU.Build.0 = Release|Any CPU
	EndGlobalSection
	GlobalSection(SolutionProperties) = preSolution
		HideSolutionNode = FALSE
	EndGlobalSection
	GlobalSection(ExtensibilityGlobals) = postSolution
		SolutionGuid = {F3946945-06E5-419F-A221-C6B3081FE102}
	EndGlobalSection
EndGlobal
